
Microsoft Visual Studio Solution File, Format Version 12.00
# Visual Studio Version 16
VisualStudioVersion = 16.0.32106.194
MinimumVisualStudioVersion = 10.0.40219.1
Project("{FAE04EC0-301F-11D3-BF4B-00C04F79EFBC}") = "DoudExFeb7", "DoudExFeb7\DoudExFeb7.csproj", "{22F021E2-D192-487B-A57B-34E4400247C6}"
EndProject
Global
	GlobalSection(SolutionConfigurationPlatforms) = preSolution
		Debug|Any CPU = Debug|Any CPU
		Release|Any CPU = Release|Any CPU
	EndGlobalSection
	GlobalSection(ProjectConfigurationPlatforms) = postSolution
		{22F021E2-D192-487B-A57B-34E4400247C6}.Debug|Any CPU.ActiveCfg = Debug|Any CPU
		{22F021E2-D192-487B-A57B-34E4400247C6}.Debug|Any CPU.Build.0 = Debug|Any CPU
		{22F021E2-D192-487B-A57B-34E4400247C6}.Release|Any CPU.ActiveCfg = Release|Any CPU
		{22F021E2-D192-487B-A57B-34E4400247C6}.Release|Any CPU.Build.0 = Release|Any CPU
	EndGlobalSection
	GlobalSection(SolutionProperties) = preSolution
		HideSolutionNode = FALSE
	EndGlobalSection
	GlobalSection(ExtensibilityGlobals) = postSolution
		SolutionGuid = {5EB19EA6-91C2-4969-A48C-CDF1B7D782BC}
	EndGlobalSection
EndGlobal
